
Microsoft Visual Studio Solution File, Format Version 12.00
# Visual Studio Version 17
VisualStudioVersion = 17.14.36429.23 d17.14
MinimumVisualStudioVersion = 10.0.40219.1
Project("{FAE04EC0-301F-11D3-BF4B-00C04F79EFBC}") = "JwtAuthInASP.NetCoreWebAPI", "JwtAuthInASP.NetCoreWebAPI.csproj", "{2C4D443F-1691-406C-8F85-03D28D21D45F}"
EndProject
Global
	GlobalSection(SolutionConfigurationPlatforms) = preSolution
		Debug|Any CPU = Debug|Any CPU
		Release|Any CPU = Release|Any CPU
	EndGlobalSection
	GlobalSection(ProjectConfigurationPlatforms) = postSolution
		{2C4D443F-1691-406C-8F85-03D28D21D45F}.Debug|Any CPU.ActiveCfg = Debug|Any CPU
		{2C4D443F-1691-406C-8F85-03D28D21D45F}.Debug|Any CPU.Build.0 = Debug|Any CPU
		{2C4D443F-1691-406C-8F85-03D28D21D45F}.Release|Any CPU.ActiveCfg = Release|Any CPU
		{2C4D443F-1691-406C-8F85-03D28D21D45F}.Release|Any CPU.Build.0 = Release|Any CPU
	EndGlobalSection
	GlobalSection(SolutionProperties) = preSolution
		HideSolutionNode = FALSE
	EndGlobalSection
	GlobalSection(ExtensibilityGlobals) = postSolution
		SolutionGuid = {3119CCC2-5BC1-4791-ADDA-9A4BE69AD162}
	EndGlobalSection
EndGlobal
