
Microsoft Visual Studio Solution File, Format Version 12.00
# Visual Studio Version 17
VisualStudioVersion = 17.14.36429.23 d17.14
MinimumVisualStudioVersion = 10.0.40219.1
Project("{FAE04EC0-301F-11D3-BF4B-00C04F79EFBC}") = "UserStoreProcedure1", "UserStoreProcedure1.csproj", "{F4D7AB09-9548-4904-9354-6E9522F9E2A7}"
EndProject
Global
	GlobalSection(SolutionConfigurationPlatforms) = preSolution
		Debug|Any CPU = Debug|Any CPU
		Release|Any CPU = Release|Any CPU
	EndGlobalSection
	GlobalSection(ProjectConfigurationPlatforms) = postSolution
		{F4D7AB09-9548-4904-9354-6E9522F9E2A7}.Debug|Any CPU.ActiveCfg = Debug|Any CPU
		{F4D7AB09-9548-4904-9354-6E9522F9E2A7}.Debug|Any CPU.Build.0 = Debug|Any CPU
		{F4D7AB09-9548-4904-9354-6E9522F9E2A7}.Release|Any CPU.ActiveCfg = Release|Any CPU
		{F4D7AB09-9548-4904-9354-6E9522F9E2A7}.Release|Any CPU.Build.0 = Release|Any CPU
	EndGlobalSection
	GlobalSection(SolutionProperties) = preSolution
		HideSolutionNode = FALSE
	EndGlobalSection
	GlobalSection(ExtensibilityGlobals) = postSolution
		SolutionGuid = {FB5BBEAA-F407-4929-9D61-4DBCBBCF8194}
	EndGlobalSection
EndGlobal
