
Microsoft Visual Studio Solution File, Format Version 12.00
# Visual Studio Version 17
VisualStudioVersion = 17.14.36429.23 d17.14
MinimumVisualStudioVersion = 10.0.40219.1
Project("{FAE04EC0-301F-11D3-BF4B-00C04F79EFBC}") = "Demo1UserCurd", "Demo1UserCurd.csproj", "{B8962A86-EACC-4035-A3DF-4D6A5289349A}"
EndProject
Global
	GlobalSection(SolutionConfigurationPlatforms) = preSolution
		Debug|Any CPU = Debug|Any CPU
		Release|Any CPU = Release|Any CPU
	EndGlobalSection
	GlobalSection(ProjectConfigurationPlatforms) = postSolution
		{B8962A86-EACC-4035-A3DF-4D6A5289349A}.Debug|Any CPU.ActiveCfg = Debug|Any CPU
		{B8962A86-EACC-4035-A3DF-4D6A5289349A}.Debug|Any CPU.Build.0 = Debug|Any CPU
		{B8962A86-EACC-4035-A3DF-4D6A5289349A}.Release|Any CPU.ActiveCfg = Release|Any CPU
		{B8962A86-EACC-4035-A3DF-4D6A5289349A}.Release|Any CPU.Build.0 = Release|Any CPU
	EndGlobalSection
	GlobalSection(SolutionProperties) = preSolution
		HideSolutionNode = FALSE
	EndGlobalSection
	GlobalSection(ExtensibilityGlobals) = postSolution
		SolutionGuid = {A6969E77-D53F-4315-95A8-5BBA2F814DD2}
	EndGlobalSection
EndGlobal
