
Microsoft Visual Studio Solution File, Format Version 12.00
# Visual Studio Version 17
VisualStudioVersion = 17.14.36429.23 d17.14
MinimumVisualStudioVersion = 10.0.40219.1
Project("{FAE04EC0-301F-11D3-BF4B-00C04F79EFBC}") = "AuthPapi", "AuthPapi.csproj", "{50E23591-37DB-4285-840F-27ADD4E67851}"
EndProject
Global
	GlobalSection(SolutionConfigurationPlatforms) = preSolution
		Debug|Any CPU = Debug|Any CPU
		Release|Any CPU = Release|Any CPU
	EndGlobalSection
	GlobalSection(ProjectConfigurationPlatforms) = postSolution
		{50E23591-37DB-4285-840F-27ADD4E67851}.Debug|Any CPU.ActiveCfg = Debug|Any CPU
		{50E23591-37DB-4285-840F-27ADD4E67851}.Debug|Any CPU.Build.0 = Debug|Any CPU
		{50E23591-37DB-4285-840F-27ADD4E67851}.Release|Any CPU.ActiveCfg = Release|Any CPU
		{50E23591-37DB-4285-840F-27ADD4E67851}.Release|Any CPU.Build.0 = Release|Any CPU
	EndGlobalSection
	GlobalSection(SolutionProperties) = preSolution
		HideSolutionNode = FALSE
	EndGlobalSection
	GlobalSection(ExtensibilityGlobals) = postSolution
		SolutionGuid = {92C32E5C-1B34-414B-AD90-CBA7FFB63310}
	EndGlobalSection
EndGlobal
